
Microsoft Visual Studio Solution File, Format Version 12.00
# Visual Studio 2012
Project("{FAE04EC0-301F-11D3-BF4B-00C04F79EFBC}") = "JBWebappLibrary", "JBWebAppLibrary\JBWebappLibrary.csproj", "{28E79168-66BB-4AC6-83E4-E136A87DFF1D}"
EndProject
Global
	GlobalSection(SolutionConfigurationPlatforms) = preSolution
		Debug|Any CPU = Debug|Any CPU
		Release|Any CPU = Release|Any CPU
		TEST|Any CPU = TEST|Any CPU
	EndGlobalSection
	GlobalSection(ProjectConfigurationPlatforms) = postSolution
		{28E79168-66BB-4AC6-83E4-E136A87DFF1D}.Debug|Any CPU.ActiveCfg = Debug|Any CPU
		{28E79168-66BB-4AC6-83E4-E136A87DFF1D}.Debug|Any CPU.Build.0 = Debug|Any CPU
		{28E79168-66BB-4AC6-83E4-E136A87DFF1D}.Release|Any CPU.ActiveCfg = Release|Any CPU
		{28E79168-66BB-4AC6-83E4-E136A87DFF1D}.Release|Any CPU.Build.0 = Release|Any CPU
		{28E79168-66BB-4AC6-83E4-E136A87DFF1D}.TEST|Any CPU.ActiveCfg = TEST|Any CPU
		{28E79168-66BB-4AC6-83E4-E136A87DFF1D}.TEST|Any CPU.Build.0 = TEST|Any CPU
	EndGlobalSection
	GlobalSection(SolutionProperties) = preSolution
		HideSolutionNode = FALSE
	EndGlobalSection
EndGlobal
